// !$*UTF8*$!
{
	archiveVersion = 1;
	classes = {
	};
	objectVersion = 56;
	objects = {

/* Begin PBXBuildFile section */
		F32886D02EBE1C9000543D3A /* TabBarContainerView.swift in Sources */ = {isa = PBXBuildFile; fileRef = F32886CE2EBE1C9000543D3A /* TabBarContainerView.swift */; };
		F32886D72EBE1CAB00543D3A /* LoginForm.swift in Sources */ = {isa = PBXBuildFile; fileRef = F32886D22EBE1CAB00543D3A /* LoginForm.swift */; };
		F32886D82EBE1CAB00543D3A /* Onboarding.swift in Sources */ = {isa = PBXBuildFile; fileRef = F32886D32EBE1CAB00543D3A /* Onboarding.swift */; };
		F32886D92EBE1CAB00543D3A /* TopView.swift in Sources */ = {isa = PBXBuildFile; fileRef = F32886D42EBE1CAB00543D3A /* TopView.swift */; };
		F32886DE2EBE1CEE00543D3A /* PreviewSmoke.swift in Sources */ = {isa = PBXBuildFile; fileRef = F32886DC2EBE1CEE00543D3A /* PreviewSmoke.swift */; };
		F32886F32EBFC69D00543D3A /* chat.png in Resources */ = {isa = PBXBuildFile; fileRef = F32886F02EBFC69D00543D3A /* chat.png */; };
		F32886F42EBFC69E00543D3A /* Contents.json in Resources */ = {isa = PBXBuildFile; fileRef = F32886F12EBFC69D00543D3A /* Contents.json */; };
		F32886F62EC017F200543D3A /* Activities.swift in Sources */ = {isa = PBXBuildFile; fileRef = F32886F52EC017F200543D3A /* Activities.swift */; };
		F32886FA2EC0180F00543D3A /* ActivityList.swift in Sources */ = {isa = PBXBuildFile; fileRef = F32886F92EC0180F00543D3A /* ActivityList.swift */; };
		F32886FD2EC01ABC00543D3A /* MainTabView.swift in Sources */ = {isa = PBXBuildFile; fileRef = F32886FB2EC01ABC00543D3A /* MainTabView.swift */; };
		F32887002EC1659900543D3A /* InquiryMessage.swift in Sources */ = {isa = PBXBuildFile; fileRef = F32886FE2EC1659900543D3A /* InquiryMessage.swift */; };
		F32887012EC1659A00543D3A /* InquiryTopic.swift in Sources */ = {isa = PBXBuildFile; fileRef = F32886FF2EC1659900543D3A /* InquiryTopic.swift */; };
		F32887042EC165BC00543D3A /* InquiryTopics.swift in Sources */ = {isa = PBXBuildFile; fileRef = F32887022EC165BC00543D3A /* InquiryTopics.swift */; };
		F32887052EC165BC00543D3A /* InquiryMessages.swift in Sources */ = {isa = PBXBuildFile; fileRef = F32887032EC165BC00543D3A /* InquiryMessages.swift */; };
		F32887092EC165E400543D3A /* InquiryChatView.swift in Sources */ = {isa = PBXBuildFile; fileRef = F32887072EC165E400543D3A /* InquiryChatView.swift */; };
		F32887142EC1A0DF00543D3A /* Colors.swift in Sources */ = {isa = PBXBuildFile; fileRef = F328870F2EC1A0DE00543D3A /* Colors.swift */; };
		F32887162EC1A99E00543D3A /* InquiryNumberManager.swift in Sources */ = {isa = PBXBuildFile; fileRef = F32887152EC1A99E00543D3A /* InquiryNumberManager.swift */; };
		F328871A2EC1AC2300543D3A /* InquiryContacts.swift in Sources */ = {isa = PBXBuildFile; fileRef = F32887192EC1AC2300543D3A /* InquiryContacts.swift */; };
		F328871E2EC1AF3E00543D3A /* InquiryContactList.swift in Sources */ = {isa = PBXBuildFile; fileRef = F328871D2EC1AF3E00543D3A /* InquiryContactList.swift */; };
		F32887202EC1AFB900543D3A /* InquiryTopicList.swift in Sources */ = {isa = PBXBuildFile; fileRef = F328871F2EC1AFB900543D3A /* InquiryTopicList.swift */; };
		F3368CCD2EC1C15900C3DB1C /* InquiryContact.swift in Sources */ = {isa = PBXBuildFile; fileRef = F3368CCC2EC1C15800C3DB1C /* InquiryContact.swift */; };
		F34FF5E52EB0B57B00F0A394 /* oma_prototypeApp.swift in Sources */ = {isa = PBXBuildFile; fileRef = F34FF5E42EB0B57B00F0A394 /* oma_prototypeApp.swift */; };
		F3997A8B2EC1C22100495DB0 /* Activity.swift in Sources */ = {isa = PBXBuildFile; fileRef = F3997A8A2EC1C22000495DB0 /* Activity.swift */; };
		F3997A8D2EC1C77900495DB0 /* ChatTopic.swift in Sources */ = {isa = PBXBuildFile; fileRef = F3997A8C2EC1C77800495DB0 /* ChatTopic.swift */; };
		F3997A8F2EC1C7F400495DB0 /* ChatTopics.swift in Sources */ = {isa = PBXBuildFile; fileRef = F3997A8E2EC1C7F400495DB0 /* ChatTopics.swift */; };
		F3997A912EC1C97400495DB0 /* ChatTopicList.swift in Sources */ = {isa = PBXBuildFile; fileRef = F3997A902EC1C97300495DB0 /* ChatTopicList.swift */; };
		F3ECE04B2EB0CAC400200E04 /* Assets.xcassets in Resources */ = {isa = PBXBuildFile; fileRef = F3ECE04A2EB0CAC400200E04 /* Assets.xcassets */; };
/* End PBXBuildFile section */

/* Begin PBXFileReference section */
		F316484C2EB0ABA80061C084 /* oma-prototype.app */ = {isa = PBXFileReference; explicitFileType = wrapper.application; includeInIndex = 0; path = "oma-prototype.app"; sourceTree = BUILT_PRODUCTS_DIR; };
		F32886CE2EBE1C9000543D3A /* TabBarContainerView.swift */ = {isa = PBXFileReference; fileEncoding = 4; lastKnownFileType = sourcecode.swift; path = TabBarContainerView.swift; sourceTree = "<group>"; };
		F32886D22EBE1CAB00543D3A /* LoginForm.swift */ = {isa = PBXFileReference; fileEncoding = 4; lastKnownFileType = sourcecode.swift; path = LoginForm.swift; sourceTree = "<group>"; };
		F32886D32EBE1CAB00543D3A /* Onboarding.swift */ = {isa = PBXFileReference; fileEncoding = 4; lastKnownFileType = sourcecode.swift; path = Onboarding.swift; sourceTree = "<group>"; };
		F32886D42EBE1CAB00543D3A /* TopView.swift */ = {isa = PBXFileReference; fileEncoding = 4; lastKnownFileType = sourcecode.swift; path = TopView.swift; sourceTree = "<group>"; };
		F32886DC2EBE1CEE00543D3A /* PreviewSmoke.swift */ = {isa = PBXFileReference; fileEncoding = 4; lastKnownFileType = sourcecode.swift; path = PreviewSmoke.swift; sourceTree = "<group>"; };
		F32886F02EBFC69D00543D3A /* chat.png */ = {isa = PBXFileReference; lastKnownFileType = image.png; path = chat.png; sourceTree = "<group>"; };
		F32886F12EBFC69D00543D3A /* Contents.json */ = {isa = PBXFileReference; fileEncoding = 4; lastKnownFileType = text.json; path = Contents.json; sourceTree = "<group>"; };
		F32886F52EC017F200543D3A /* Activities.swift */ = {isa = PBXFileReference; fileEncoding = 4; lastKnownFileType = sourcecode.swift; path = Activities.swift; sourceTree = "<group>"; };
		F32886F92EC0180F00543D3A /* ActivityList.swift */ = {isa = PBXFileReference; fileEncoding = 4; lastKnownFileType = sourcecode.swift; path = ActivityList.swift; sourceTree = "<group>"; };
		F32886FB2EC01ABC00543D3A /* MainTabView.swift */ = {isa = PBXFileReference; fileEncoding = 4; lastKnownFileType = sourcecode.swift; path = MainTabView.swift; sourceTree = "<group>"; };
		F32886FE2EC1659900543D3A /* InquiryMessage.swift */ = {isa = PBXFileReference; fileEncoding = 4; lastKnownFileType = sourcecode.swift; path = InquiryMessage.swift; sourceTree = "<group>"; };
		F32886FF2EC1659900543D3A /* InquiryTopic.swift */ = {isa = PBXFileReference; fileEncoding = 4; lastKnownFileType = sourcecode.swift; path = InquiryTopic.swift; sourceTree = "<group>"; };
		F32887022EC165BC00543D3A /* InquiryTopics.swift */ = {isa = PBXFileReference; fileEncoding = 4; lastKnownFileType = sourcecode.swift; path = InquiryTopics.swift; sourceTree = "<group>"; };
		F32887032EC165BC00543D3A /* InquiryMessages.swift */ = {isa = PBXFileReference; fileEncoding = 4; lastKnownFileType = sourcecode.swift; path = InquiryMessages.swift; sourceTree = "<group>"; };
		F32887072EC165E400543D3A /* InquiryChatView.swift */ = {isa = PBXFileReference; fileEncoding = 4; lastKnownFileType = sourcecode.swift; path = InquiryChatView.swift; sourceTree = "<group>"; };
		F328870F2EC1A0DE00543D3A /* Colors.swift */ = {isa = PBXFileReference; fileEncoding = 4; lastKnownFileType = sourcecode.swift; path = Colors.swift; sourceTree = "<group>"; };
		F32887152EC1A99E00543D3A /* InquiryNumberManager.swift */ = {isa = PBXFileReference; fileEncoding = 4; lastKnownFileType = sourcecode.swift; path = InquiryNumberManager.swift; sourceTree = "<group>"; };
		F32887192EC1AC2300543D3A /* InquiryContacts.swift */ = {isa = PBXFileReference; fileEncoding = 4; lastKnownFileType = sourcecode.swift; path = InquiryContacts.swift; sourceTree = "<group>"; };
		F328871D2EC1AF3E00543D3A /* InquiryContactList.swift */ = {isa = PBXFileReference; fileEncoding = 4; lastKnownFileType = sourcecode.swift; path = InquiryContactList.swift; sourceTree = "<group>"; };
		F328871F2EC1AFB900543D3A /* InquiryTopicList.swift */ = {isa = PBXFileReference; fileEncoding = 4; lastKnownFileType = sourcecode.swift; path = InquiryTopicList.swift; sourceTree = "<group>"; };
		F3368CCC2EC1C15800C3DB1C /* InquiryContact.swift */ = {isa = PBXFileReference; fileEncoding = 4; lastKnownFileType = sourcecode.swift; path = InquiryContact.swift; sourceTree = "<group>"; };
		F34FF5E12EB0B56C00F0A394 /* oma-prototype-Bridging-Header.h */ = {isa = PBXFileReference; lastKnownFileType = sourcecode.c.h; path = "oma-prototype-Bridging-Header.h"; sourceTree = "<group>"; };
		F34FF5E42EB0B57B00F0A394 /* oma_prototypeApp.swift */ = {isa = PBXFileReference; fileEncoding = 4; lastKnownFileType = sourcecode.swift; path = oma_prototypeApp.swift; sourceTree = "<group>"; };
		F3997A8A2EC1C22000495DB0 /* Activity.swift */ = {isa = PBXFileReference; fileEncoding = 4; lastKnownFileType = sourcecode.swift; path = Activity.swift; sourceTree = "<group>"; };
		F3997A8C2EC1C77800495DB0 /* ChatTopic.swift */ = {isa = PBXFileReference; fileEncoding = 4; lastKnownFileType = sourcecode.swift; path = ChatTopic.swift; sourceTree = "<group>"; };
		F3997A8E2EC1C7F400495DB0 /* ChatTopics.swift */ = {isa = PBXFileReference; fileEncoding = 4; lastKnownFileType = sourcecode.swift; path = ChatTopics.swift; sourceTree = "<group>"; };
		F3997A902EC1C97300495DB0 /* ChatTopicList.swift */ = {isa = PBXFileReference; fileEncoding = 4; lastKnownFileType = sourcecode.swift; path = ChatTopicList.swift; sourceTree = "<group>"; };
		F3ECE04A2EB0CAC400200E04 /* Assets.xcassets */ = {isa = PBXFileReference; lastKnownFileType = folder.assetcatalog; path = Assets.xcassets; sourceTree = "<group>"; };
/* End PBXFileReference section */

/* Begin PBXFrameworksBuildPhase section */
		F31648492EB0ABA80061C084 /* Frameworks */ = {
			isa = PBXFrameworksBuildPhase;
			buildActionMask = 2147483647;
			files = (
			);
			runOnlyForDeploymentPostprocessing = 0;
		};
/* End PBXFrameworksBuildPhase section */

/* Begin PBXGroup section */
		F31648432EB0ABA80061C084 = {
			isa = PBXGroup;
			children = (
				F32887102EC1A0DE00543D3A /* Resources */,
				F32886FC2EC01ABC00543D3A /* App */,
				F32886E72EBFBBFE00543D3A /* Data */,
				F32886E32EBFBB9100543D3A /* Models */,
				F32886DD2EBE1CEE00543D3A /* Tests */,
				F32886D52EBE1CAB00543D3A /* Views */,
				F32886CF2EBE1C9000543D3A /* Components */,
				F34FF5E42EB0B57B00F0A394 /* oma_prototypeApp.swift */,
				F3ECE04A2EB0CAC400200E04 /* Assets.xcassets */,
				F32886F22EBFC69D00543D3A /* chat.imageset */,
				F316484D2EB0ABA80061C084 /* Products */,
				F34FF5E12EB0B56C00F0A394 /* oma-prototype-Bridging-Header.h */,
			);
			sourceTree = "<group>";
		};
		F316484D2EB0ABA80061C084 /* Products */ = {
			isa = PBXGroup;
			children = (
				F316484C2EB0ABA80061C084 /* oma-prototype.app */,
			);
			name = Products;
			sourceTree = "<group>";
		};
		F32886CF2EBE1C9000543D3A /* Components */ = {
			isa = PBXGroup;
			children = (
				F32886CE2EBE1C9000543D3A /* TabBarContainerView.swift */,
			);
			path = Components;
			sourceTree = "<group>";
		};
		F32886D52EBE1CAB00543D3A /* Views */ = {
			isa = PBXGroup;
			children = (
				F3997A902EC1C97300495DB0 /* ChatTopicList.swift */,
				F328871F2EC1AFB900543D3A /* InquiryTopicList.swift */,
				F328871D2EC1AF3E00543D3A /* InquiryContactList.swift */,
				F32887072EC165E400543D3A /* InquiryChatView.swift */,
				F32886F92EC0180F00543D3A /* ActivityList.swift */,
				F32886D22EBE1CAB00543D3A /* LoginForm.swift */,
				F32886D32EBE1CAB00543D3A /* Onboarding.swift */,
				F32886D42EBE1CAB00543D3A /* TopView.swift */,
			);
			path = Views;
			sourceTree = "<group>";
		};
		F32886DD2EBE1CEE00543D3A /* Tests */ = {
			isa = PBXGroup;
			children = (
				F32886DC2EBE1CEE00543D3A /* PreviewSmoke.swift */,
			);
			path = Tests;
			sourceTree = "<group>";
		};
		F32886E32EBFBB9100543D3A /* Models */ = {
			isa = PBXGroup;
			children = (
				F3997A8C2EC1C77800495DB0 /* ChatTopic.swift */,
				F3997A8A2EC1C22000495DB0 /* Activity.swift */,
				F3368CCC2EC1C15800C3DB1C /* InquiryContact.swift */,
				F32886FE2EC1659900543D3A /* InquiryMessage.swift */,
				F32886FF2EC1659900543D3A /* InquiryTopic.swift */,
			);
			path = Models;
			sourceTree = "<group>";
		};
		F32886E72EBFBBFE00543D3A /* Data */ = {
			isa = PBXGroup;
			children = (
				F3997A8E2EC1C7F400495DB0 /* ChatTopics.swift */,
				F32887192EC1AC2300543D3A /* InquiryContacts.swift */,
				F32887152EC1A99E00543D3A /* InquiryNumberManager.swift */,
				F32887032EC165BC00543D3A /* InquiryMessages.swift */,
				F32887022EC165BC00543D3A /* InquiryTopics.swift */,
				F32886F52EC017F200543D3A /* Activities.swift */,
			);
			path = Data;
			sourceTree = "<group>";
		};
		F32886F22EBFC69D00543D3A /* chat.imageset */ = {
			isa = PBXGroup;
			children = (
				F32886F02EBFC69D00543D3A /* chat.png */,
				F32886F12EBFC69D00543D3A /* Contents.json */,
			);
			name = chat.imageset;
			path = Assets.xcassets/chat.imageset;
			sourceTree = "<group>";
		};
		F32886FC2EC01ABC00543D3A /* App */ = {
			isa = PBXGroup;
			children = (
				F32886FB2EC01ABC00543D3A /* MainTabView.swift */,
			);
			path = App;
			sourceTree = "<group>";
		};
		F32887102EC1A0DE00543D3A /* Resources */ = {
			isa = PBXGroup;
			children = (
				F328870F2EC1A0DE00543D3A /* Colors.swift */,
			);
			path = Resources;
			sourceTree = "<group>";
		};
/* End PBXGroup section */

/* Begin PBXNativeTarget section */
		F316484B2EB0ABA80061C084 /* oma-prototype */ = {
			isa = PBXNativeTarget;
			buildConfigurationList = F316485A2EB0ABAA0061C084 /* Build configuration list for PBXNativeTarget "oma-prototype" */;
			buildPhases = (
				F31648482EB0ABA80061C084 /* Sources */,
				F31648492EB0ABA80061C084 /* Frameworks */,
				F316484A2EB0ABA80061C084 /* Resources */,
			);
			buildRules = (
			);
			dependencies = (
			);
			name = "oma-prototype";
			productName = "oma-prototype";
			productReference = F316484C2EB0ABA80061C084 /* oma-prototype.app */;
			productType = "com.apple.product-type.application";
		};
/* End PBXNativeTarget section */

/* Begin PBXProject section */
		F31648442EB0ABA80061C084 /* Project object */ = {
			isa = PBXProject;
			attributes = {
				BuildIndependentTargetsInParallel = 1;
				LastSwiftUpdateCheck = 1540;
				LastUpgradeCheck = 1540;
				TargetAttributes = {
					F316484B2EB0ABA80061C084 = {
						CreatedOnToolsVersion = 15.4;
						LastSwiftMigration = 1540;
					};
				};
			};
			buildConfigurationList = F31648472EB0ABA80061C084 /* Build configuration list for PBXProject "oma-prototype" */;
			compatibilityVersion = "Xcode 14.0";
			developmentRegion = en;
			hasScannedForEncodings = 0;
			knownRegions = (
				en,
				Base,
			);
			mainGroup = F31648432EB0ABA80061C084;
			productRefGroup = F316484D2EB0ABA80061C084 /* Products */;
			projectDirPath = "";
			projectRoot = "";
			targets = (
				F316484B2EB0ABA80061C084 /* oma-prototype */,
			);
		};
/* End PBXProject section */

/* Begin PBXResourcesBuildPhase section */
		F316484A2EB0ABA80061C084 /* Resources */ = {
			isa = PBXResourcesBuildPhase;
			buildActionMask = 2147483647;
			files = (
				F3ECE04B2EB0CAC400200E04 /* Assets.xcassets in Resources */,
				F32886F32EBFC69D00543D3A /* chat.png in Resources */,
				F32886F42EBFC69E00543D3A /* Contents.json in Resources */,
			);
			runOnlyForDeploymentPostprocessing = 0;
		};
/* End PBXResourcesBuildPhase section */

/* Begin PBXSourcesBuildPhase section */
		F31648482EB0ABA80061C084 /* Sources */ = {
			isa = PBXSourcesBuildPhase;
			buildActionMask = 2147483647;
			files = (
				F32886D02EBE1C9000543D3A /* TabBarContainerView.swift in Sources */,
				F32886F62EC017F200543D3A /* Activities.swift in Sources */,
				F32887162EC1A99E00543D3A /* InquiryNumberManager.swift in Sources */,
				F3368CCD2EC1C15900C3DB1C /* InquiryContact.swift in Sources */,
				F32886FD2EC01ABC00543D3A /* MainTabView.swift in Sources */,
				F3997A8B2EC1C22100495DB0 /* Activity.swift in Sources */,
				F32886D82EBE1CAB00543D3A /* Onboarding.swift in Sources */,
				F34FF5E52EB0B57B00F0A394 /* oma_prototypeApp.swift in Sources */,
				F32886D92EBE1CAB00543D3A /* TopView.swift in Sources */,
				F32887012EC1659A00543D3A /* InquiryTopic.swift in Sources */,
				F3997A8D2EC1C77900495DB0 /* ChatTopic.swift in Sources */,
				F32887092EC165E400543D3A /* InquiryChatView.swift in Sources */,
				F32887052EC165BC00543D3A /* InquiryMessages.swift in Sources */,
				F32887042EC165BC00543D3A /* InquiryTopics.swift in Sources */,
				F32887142EC1A0DF00543D3A /* Colors.swift in Sources */,
				F328871E2EC1AF3E00543D3A /* InquiryContactList.swift in Sources */,
				F328871A2EC1AC2300543D3A /* InquiryContacts.swift in Sources */,
				F3997A8F2EC1C7F400495DB0 /* ChatTopics.swift in Sources */,
				F32886FA2EC0180F00543D3A /* ActivityList.swift in Sources */,
				F32887002EC1659900543D3A /* InquiryMessage.swift in Sources */,
				F32887202EC1AFB900543D3A /* InquiryTopicList.swift in Sources */,
				F3997A912EC1C97400495DB0 /* ChatTopicList.swift in Sources */,
				F32886D72EBE1CAB00543D3A /* LoginForm.swift in Sources */,
				F32886DE2EBE1CEE00543D3A /* PreviewSmoke.swift in Sources */,
			);
			runOnlyForDeploymentPostprocessing = 0;
		};
/* End PBXSourcesBuildPhase section */

/* Begin XCBuildConfiguration section */
		F31648582EB0ABAA0061C084 /* Debug */ = {
			isa = XCBuildConfiguration;
			buildSettings = {
				ALWAYS_SEARCH_USER_PATHS = NO;
				ASSETCATALOG_COMPILER_GENERATE_SWIFT_ASSET_SYMBOL_EXTENSIONS = YES;
				CLANG_ANALYZER_NONNULL = YES;
				CLANG_ANALYZER_NUMBER_OBJECT_CONVERSION = YES_AGGRESSIVE;
				CLANG_CXX_LANGUAGE_STANDARD = "gnu++20";
				CLANG_ENABLE_MODULES = YES;
				CLANG_ENABLE_OBJC_ARC = YES;
				CLANG_ENABLE_OBJC_WEAK = YES;
				CLANG_WARN_BLOCK_CAPTURE_AUTORELEASING = YES;
				CLANG_WARN_BOOL_CONVERSION = YES;
				CLANG_WARN_COMMA = YES;
				CLANG_WARN_CONSTANT_CONVERSION = YES;
				CLANG_WARN_DEPRECATED_OBJC_IMPLEMENTATIONS = YES;
				CLANG_WARN_DIRECT_OBJC_ISA_USAGE = YES_ERROR;
				CLANG_WARN_DOCUMENTATION_COMMENTS = YES;
				CLANG_WARN_EMPTY_BODY = YES;
				CLANG_WARN_ENUM_CONVERSION = YES;
				CLANG_WARN_INFINITE_RECURSION = YES;
				CLANG_WARN_INT_CONVERSION = YES;
				CLANG_WARN_NON_LITERAL_NULL_CONVERSION = YES;
				CLANG_WARN_OBJC_IMPLICIT_RETAIN_SELF = YES;
				CLANG_WARN_OBJC_LITERAL_CONVERSION = YES;
				CLANG_WARN_OBJC_ROOT_CLASS = YES_ERROR;
				CLANG_WARN_QUOTED_INCLUDE_IN_FRAMEWORK_HEADER = YES;
				CLANG_WARN_RANGE_LOOP_ANALYSIS = YES;
				CLANG_WARN_STRICT_PROTOTYPES = YES;
				CLANG_WARN_SUSPICIOUS_MOVE = YES;
				CLANG_WARN_UNGUARDED_AVAILABILITY = YES_AGGRESSIVE;
				CLANG_WARN_UNREACHABLE_CODE = YES;
				CLANG_WARN__DUPLICATE_METHOD_MATCH = YES;
				COPY_PHASE_STRIP = NO;
				DEBUG_INFORMATION_FORMAT = dwarf;
				ENABLE_STRICT_OBJC_MSGSEND = YES;
				ENABLE_TESTABILITY = YES;
				ENABLE_USER_SCRIPT_SANDBOXING = YES;
				GCC_C_LANGUAGE_STANDARD = gnu17;
				GCC_DYNAMIC_NO_PIC = NO;
				GCC_NO_COMMON_BLOCKS = YES;
				GCC_OPTIMIZATION_LEVEL = 0;
				GCC_PREPROCESSOR_DEFINITIONS = (
					"DEBUG=1",
					"$(inherited)",
				);
				GCC_WARN_64_TO_32_BIT_CONVERSION = YES;
				GCC_WARN_ABOUT_RETURN_TYPE = YES_ERROR;
				GCC_WARN_UNDECLARED_SELECTOR = YES;
				GCC_WARN_UNINITIALIZED_AUTOS = YES_AGGRESSIVE;
				GCC_WARN_UNUSED_FUNCTION = YES;
				GCC_WARN_UNUSED_VARIABLE = YES;
				IPHONEOS_DEPLOYMENT_TARGET = 17.5;
				LOCALIZATION_PREFERS_STRING_CATALOGS = YES;
				MTL_ENABLE_DEBUG_INFO = INCLUDE_SOURCE;
				MTL_FAST_MATH = YES;
				ONLY_ACTIVE_ARCH = YES;
				SDKROOT = iphoneos;
				SWIFT_ACTIVE_COMPILATION_CONDITIONS = "DEBUG $(inherited)";
				SWIFT_OPTIMIZATION_LEVEL = "-Onone";
			};
			name = Debug;
		};
		F31648592EB0ABAA0061C084 /* Release */ = {
			isa = XCBuildConfiguration;
			buildSettings = {
				ALWAYS_SEARCH_USER_PATHS = NO;
				ASSETCATALOG_COMPILER_GENERATE_SWIFT_ASSET_SYMBOL_EXTENSIONS = YES;
				CLANG_ANALYZER_NONNULL = YES;
				CLANG_ANALYZER_NUMBER_OBJECT_CONVERSION = YES_AGGRESSIVE;
				CLANG_CXX_LANGUAGE_STANDARD = "gnu++20";
				CLANG_ENABLE_MODULES = YES;
				CLANG_ENABLE_OBJC_ARC = YES;
				CLANG_ENABLE_OBJC_WEAK = YES;
				CLANG_WARN_BLOCK_CAPTURE_AUTORELEASING = YES;
				CLANG_WARN_BOOL_CONVERSION = YES;
				CLANG_WARN_COMMA = YES;
				CLANG_WARN_CONSTANT_CONVERSION = YES;
				CLANG_WARN_DEPRECATED_OBJC_IMPLEMENTATIONS = YES;
				CLANG_WARN_DIRECT_OBJC_ISA_USAGE = YES_ERROR;
				CLANG_WARN_DOCUMENTATION_COMMENTS = YES;
				CLANG_WARN_EMPTY_BODY = YES;
				CLANG_WARN_ENUM_CONVERSION = YES;
				CLANG_WARN_INFINITE_RECURSION = YES;
				CLANG_WARN_INT_CONVERSION = YES;
				CLANG_WARN_NON_LITERAL_NULL_CONVERSION = YES;
				CLANG_WARN_OBJC_IMPLICIT_RETAIN_SELF = YES;
				CLANG_WARN_OBJC_LITERAL_CONVERSION = YES;
				CLANG_WARN_OBJC_ROOT_CLASS = YES_ERROR;
				CLANG_WARN_QUOTED_INCLUDE_IN_FRAMEWORK_HEADER = YES;
				CLANG_WARN_RANGE_LOOP_ANALYSIS = YES;
				CLANG_WARN_STRICT_PROTOTYPES = YES;
				CLANG_WARN_SUSPICIOUS_MOVE = YES;
				CLANG_WARN_UNGUARDED_AVAILABILITY = YES_AGGRESSIVE;
				CLANG_WARN_UNREACHABLE_CODE = YES;
				CLANG_WARN__DUPLICATE_METHOD_MATCH = YES;
				COPY_PHASE_STRIP = NO;
				DEBUG_INFORMATION_FORMAT = "dwarf-with-dsym";
				ENABLE_NS_ASSERTIONS = NO;
				ENABLE_STRICT_OBJC_MSGSEND = YES;
				ENABLE_USER_SCRIPT_SANDBOXING = YES;
				GCC_C_LANGUAGE_STANDARD = gnu17;
				GCC_NO_COMMON_BLOCKS = YES;
				GCC_WARN_64_TO_32_BIT_CONVERSION = YES;
				GCC_WARN_ABOUT_RETURN_TYPE = YES_ERROR;
				GCC_WARN_UNDECLARED_SELECTOR = YES;
				GCC_WARN_UNINITIALIZED_AUTOS = YES_AGGRESSIVE;
				GCC_WARN_UNUSED_FUNCTION = YES;
				GCC_WARN_UNUSED_VARIABLE = YES;
				IPHONEOS_DEPLOYMENT_TARGET = 17.5;
				LOCALIZATION_PREFERS_STRING_CATALOGS = YES;
				MTL_ENABLE_DEBUG_INFO = NO;
				MTL_FAST_MATH = YES;
				SDKROOT = iphoneos;
				SWIFT_COMPILATION_MODE = wholemodule;
				VALIDATE_PRODUCT = YES;
			};
			name = Release;
		};
		F316485B2EB0ABAA0061C084 /* Debug */ = {
			isa = XCBuildConfiguration;
			buildSettings = {
				ASSETCATALOG_COMPILER_APPICON_NAME = AppIcon;
				ASSETCATALOG_COMPILER_GLOBAL_ACCENT_COLOR_NAME = AccentColor;
				CLANG_ENABLE_MODULES = YES;
				CODE_SIGN_STYLE = Automatic;
				CURRENT_PROJECT_VERSION = 1;
				DEVELOPMENT_ASSET_PATHS = "\"Preview Content\"";
				DEVELOPMENT_TEAM = 33LMK8MH7N;
				ENABLE_PREVIEWS = YES;
				GENERATE_INFOPLIST_FILE = YES;
				INFOPLIST_KEY_UIApplicationSceneManifest_Generation = YES;
				INFOPLIST_KEY_UIApplicationSupportsIndirectInputEvents = YES;
				INFOPLIST_KEY_UILaunchScreen_Generation = YES;
				INFOPLIST_KEY_UISupportedInterfaceOrientations_iPad = "UIInterfaceOrientationPortrait UIInterfaceOrientationPortraitUpsideDown UIInterfaceOrientationLandscapeLeft UIInterfaceOrientationLandscapeRight";
				INFOPLIST_KEY_UISupportedInterfaceOrientations_iPhone = "UIInterfaceOrientationPortrait UIInterfaceOrientationLandscapeLeft UIInterfaceOrientationLandscapeRight";
				LD_RUNPATH_SEARCH_PATHS = (
					"$(inherited)",
					"@executable_path/Frameworks",
				);
				MARKETING_VERSION = 1.0;
				PRODUCT_BUNDLE_IDENTIFIER = "WP-Product-Department.oma-prototype";
				PRODUCT_NAME = "$(TARGET_NAME)";
				SWIFT_EMIT_LOC_STRINGS = YES;
				SWIFT_OBJC_BRIDGING_HEADER = "oma-prototype-Bridging-Header.h";
				SWIFT_OPTIMIZATION_LEVEL = "-Onone";
				SWIFT_VERSION = 5.0;
				TARGETED_DEVICE_FAMILY = "1,2";
			};
			name = Debug;
		};
		F316485C2EB0ABAA0061C084 /* Release */ = {
			isa = XCBuildConfiguration;
			buildSettings = {
				ASSETCATALOG_COMPILER_APPICON_NAME = AppIcon;
				ASSETCATALOG_COMPILER_GLOBAL_ACCENT_COLOR_NAME = AccentColor;
				CLANG_ENABLE_MODULES = YES;
				CODE_SIGN_STYLE = Automatic;
				CURRENT_PROJECT_VERSION = 1;
				DEVELOPMENT_ASSET_PATHS = "\"Preview Content\"";
				DEVELOPMENT_TEAM = 33LMK8MH7N;
				ENABLE_PREVIEWS = YES;
				GENERATE_INFOPLIST_FILE = YES;
				INFOPLIST_KEY_UIApplicationSceneManifest_Generation = YES;
				INFOPLIST_KEY_UIApplicationSupportsIndirectInputEvents = YES;
				INFOPLIST_KEY_UILaunchScreen_Generation = YES;
				INFOPLIST_KEY_UISupportedInterfaceOrientations_iPad = "UIInterfaceOrientationPortrait UIInterfaceOrientationPortraitUpsideDown UIInterfaceOrientationLandscapeLeft UIInterfaceOrientationLandscapeRight";
				INFOPLIST_KEY_UISupportedInterfaceOrientations_iPhone = "UIInterfaceOrientationPortrait UIInterfaceOrientationLandscapeLeft UIInterfaceOrientationLandscapeRight";
				LD_RUNPATH_SEARCH_PATHS = (
					"$(inherited)",
					"@executable_path/Frameworks",
				);
				MARKETING_VERSION = 1.0;
				PRODUCT_BUNDLE_IDENTIFIER = "WP-Product-Department.oma-prototype";
				PRODUCT_NAME = "$(TARGET_NAME)";
				SWIFT_EMIT_LOC_STRINGS = YES;
				SWIFT_OBJC_BRIDGING_HEADER = "oma-prototype-Bridging-Header.h";
				SWIFT_VERSION = 5.0;
				TARGETED_DEVICE_FAMILY = "1,2";
			};
			name = Release;
		};
/* End XCBuildConfiguration section */

/* Begin XCConfigurationList section */
		F31648472EB0ABA80061C084 /* Build configuration list for PBXProject "oma-prototype" */ = {
			isa = XCConfigurationList;
			buildConfigurations = (
				F31648582EB0ABAA0061C084 /* Debug */,
				F31648592EB0ABAA0061C084 /* Release */,
			);
			defaultConfigurationIsVisible = 0;
			defaultConfigurationName = Release;
		};
		F316485A2EB0ABAA0061C084 /* Build configuration list for PBXNativeTarget "oma-prototype" */ = {
			isa = XCConfigurationList;
			buildConfigurations = (
				F316485B2EB0ABAA0061C084 /* Debug */,
				F316485C2EB0ABAA0061C084 /* Release */,
			);
			defaultConfigurationIsVisible = 0;
			defaultConfigurationName = Release;
		};
/* End XCConfigurationList section */
	};
	rootObject = F31648442EB0ABA80061C084 /* Project object */;
}
